
Microsoft Visual Studio Solution File, Format Version 12.00
# Visual Studio Version 16
VisualStudioVersion = 16.0.29020.237
MinimumVisualStudioVersion = 10.0.40219.1
Project("{FAE04EC0-301F-11D3-BF4B-00C04F79EFBC}") = "CMS_ShopCart", "CMS_ShopCart.csproj", "{A73866BE-1064-42F1-A0ED-39FE8C22F7BC}"
EndProject
Global
	GlobalSection(SolutionConfigurationPlatforms) = preSolution
		Debug|Any CPU = Debug|Any CPU
		Release|Any CPU = Release|Any CPU
	EndGlobalSection
	GlobalSection(ProjectConfigurationPlatforms) = postSolution
		{A73866BE-1064-42F1-A0ED-39FE8C22F7BC}.Debug|Any CPU.ActiveCfg = Debug|Any CPU
		{A73866BE-1064-42F1-A0ED-39FE8C22F7BC}.Debug|Any CPU.Build.0 = Debug|Any CPU
		{A73866BE-1064-42F1-A0ED-39FE8C22F7BC}.Release|Any CPU.ActiveCfg = Release|Any CPU
		{A73866BE-1064-42F1-A0ED-39FE8C22F7BC}.Release|Any CPU.Build.0 = Release|Any CPU
	EndGlobalSection
	GlobalSection(SolutionProperties) = preSolution
		HideSolutionNode = FALSE
	EndGlobalSection
	GlobalSection(ExtensibilityGlobals) = postSolution
		SolutionGuid = {E9573401-F42B-462E-B815-0F7B649578C3}
	EndGlobalSection
EndGlobal
